
Microsoft Visual Studio Solution File, Format Version 12.00
# Visual Studio Version 16
VisualStudioVersion = 16.0.30225.117
MinimumVisualStudioVersion = 10.0.40219.1
Project("{9A19103F-16F7-4668-BE54-9A1E7A4F7556}") = "Snoop.CLI", "Snoop.CLI\Snoop.CLI.csproj", "{A9CB7FD9-78F7-4B55-9794-E92B51BE8058}"
EndProject
Project("{9A19103F-16F7-4668-BE54-9A1E7A4F7556}") = "Snoop.Interactive", "Snoop.Interactive\Snoop.Interactive.csproj", "{C5FEB39B-D18A-4078-BB02-1408BBDBA1F5}"
EndProject
Global
	GlobalSection(SolutionConfigurationPlatforms) = preSolution
		Debug|Any CPU = Debug|Any CPU
		Release|Any CPU = Release|Any CPU
	EndGlobalSection
	GlobalSection(ProjectConfigurationPlatforms) = postSolution
		{A9CB7FD9-78F7-4B55-9794-E92B51BE8058}.Debug|Any CPU.ActiveCfg = Debug|Any CPU
		{A9CB7FD9-78F7-4B55-9794-E92B51BE8058}.Debug|Any CPU.Build.0 = Debug|Any CPU
		{A9CB7FD9-78F7-4B55-9794-E92B51BE8058}.Release|Any CPU.ActiveCfg = Release|Any CPU
		{A9CB7FD9-78F7-4B55-9794-E92B51BE8058}.Release|Any CPU.Build.0 = Release|Any CPU
		{C5FEB39B-D18A-4078-BB02-1408BBDBA1F5}.Debug|Any CPU.ActiveCfg = Debug|Any CPU
		{C5FEB39B-D18A-4078-BB02-1408BBDBA1F5}.Debug|Any CPU.Build.0 = Debug|Any CPU
		{C5FEB39B-D18A-4078-BB02-1408BBDBA1F5}.Release|Any CPU.ActiveCfg = Release|Any CPU
		{C5FEB39B-D18A-4078-BB02-1408BBDBA1F5}.Release|Any CPU.Build.0 = Release|Any CPU
	EndGlobalSection
	GlobalSection(SolutionProperties) = preSolution
		HideSolutionNode = FALSE
	EndGlobalSection
	GlobalSection(ExtensibilityGlobals) = postSolution
		SolutionGuid = {5F75A140-D16C-470F-9B7F-2C920FEB3D85}
	EndGlobalSection
EndGlobal
